
Microsoft Visual Studio Solution File, Format Version 12.00
# Visual Studio Version 16
VisualStudioVersion = 16.0.31229.75
MinimumVisualStudioVersion = 10.0.40219.1
Project("{FAE04EC0-301F-11D3-BF4B-00C04F79EFBC}") = "telacubot", "telacubot.csproj", "{C6D173FD-CBEF-4E75-A8EB-7CEA2D85BD76}"
EndProject
Global
	GlobalSection(SolutionConfigurationPlatforms) = preSolution
		Debug|Any CPU = Debug|Any CPU
		Release|Any CPU = Release|Any CPU
	EndGlobalSection
	GlobalSection(ProjectConfigurationPlatforms) = postSolution
		{C6D173FD-CBEF-4E75-A8EB-7CEA2D85BD76}.Debug|Any CPU.ActiveCfg = Debug|Any CPU
		{C6D173FD-CBEF-4E75-A8EB-7CEA2D85BD76}.Debug|Any CPU.Build.0 = Debug|Any CPU
		{C6D173FD-CBEF-4E75-A8EB-7CEA2D85BD76}.Release|Any CPU.ActiveCfg = Release|Any CPU
		{C6D173FD-CBEF-4E75-A8EB-7CEA2D85BD76}.Release|Any CPU.Build.0 = Release|Any CPU
	EndGlobalSection
	GlobalSection(SolutionProperties) = preSolution
		HideSolutionNode = FALSE
	EndGlobalSection
	GlobalSection(ExtensibilityGlobals) = postSolution
		SolutionGuid = {A6ACC80C-30C5-4DB6-885D-11877FA28D57}
	EndGlobalSection
EndGlobal
